
Microsoft Visual Studio Solution File, Format Version 12.00
Project("{2150E333-8FDC-42A3-9474-1A3956D46DE8}") = "Disco.Service.Users", "Disco.Service.Users", "{791F5725-2060-4E6C-9508-DE4358BD484C}"
EndProject
Project("{2150E333-8FDC-42A3-9474-1A3956D46DE8}") = "Disco.Service.Companies", "Disco.Service.Companies", "{105FF8C5-A460-4B29-AC4E-ACD6B93AC45F}"
EndProject
Project("{2150E333-8FDC-42A3-9474-1A3956D46DE8}") = "Disco.Service.Points", "Disco.Service.Points", "{6595B4A2-845F-40B6-910C-9F652156023C}"
EndProject
Project("{2150E333-8FDC-42A3-9474-1A3956D46DE8}") = "Disco.Service.Barcodes", "Disco.Service.Barcodes", "{69C4DA77-7CF1-417C-94EB-CE26ABE82242}"
EndProject
Project("{2150E333-8FDC-42A3-9474-1A3956D46DE8}") = "Disco.Gateway", "Disco.Gateway", "{427BEDDF-6B03-4B4C-82F6-BEDBA4673C23}"
EndProject
Project("{2150E333-8FDC-42A3-9474-1A3956D46DE8}") = "Disco.Service.Discounts", "Disco.Service.Discounts", "{D15C43E0-1205-4550-BEAE-7A767E1BD8E9}"
EndProject
Project("{2150E333-8FDC-42A3-9474-1A3956D46DE8}") = "Disco.Service.Programs", "Disco.Service.Programs", "{51CFD5FA-D372-470C-8714-6C8D2708DF0A}"
EndProject
Project("{2150E333-8FDC-42A3-9474-1A3956D46DE8}") = "Disco.Shared", "Disco.Shared", "{B99C4E18-9264-461A-91F6-E798A9517928}"
EndProject
Project("{2150E333-8FDC-42A3-9474-1A3956D46DE8}") = "src", "src", "{8FFCB784-622A-47C9-B585-EDED6E6B2545}"
EndProject
Project("{2150E333-8FDC-42A3-9474-1A3956D46DE8}") = "src", "src", "{37C42F1F-8927-44E5-B274-C87AC90AB8C5}"
EndProject
Project("{2150E333-8FDC-42A3-9474-1A3956D46DE8}") = "src", "src", "{C81F1DEF-D1DC-4F10-BE85-1A06E4E67BFD}"
EndProject
Project("{2150E333-8FDC-42A3-9474-1A3956D46DE8}") = "src", "src", "{BD50A256-4377-491A-BE4D-3E3C65A8796F}"
EndProject
Project("{2150E333-8FDC-42A3-9474-1A3956D46DE8}") = "src", "src", "{444CF874-31C1-4054-918F-5FEBFFB2D8AE}"
EndProject
Project("{2150E333-8FDC-42A3-9474-1A3956D46DE8}") = "src", "src", "{2CF1F616-9C45-4E49-A2BC-1342FBB4F440}"
EndProject
Project("{2150E333-8FDC-42A3-9474-1A3956D46DE8}") = "src", "src", "{20692A75-8761-4016-A006-0FA35681C30F}"
EndProject
Project("{2150E333-8FDC-42A3-9474-1A3956D46DE8}") = "tests", "tests", "{D4997A6C-9E51-40A6-8AFC-147D3B8B7A28}"
EndProject
Project("{2150E333-8FDC-42A3-9474-1A3956D46DE8}") = "tests", "tests", "{6DF02103-3BBA-4994-9307-24B8E7FDC8D5}"
EndProject
Project("{2150E333-8FDC-42A3-9474-1A3956D46DE8}") = "tests", "tests", "{43099703-F633-46FF-91EC-1FAF1EE6C219}"
EndProject
Project("{2150E333-8FDC-42A3-9474-1A3956D46DE8}") = "tests", "tests", "{E4317D55-F3D4-499D-ABA9-9DADC63AED4F}"
EndProject
Project("{2150E333-8FDC-42A3-9474-1A3956D46DE8}") = "tests", "tests", "{E4B7A227-F0B2-49FC-AEA9-AFE908C8D1FD}"
EndProject
Project("{2150E333-8FDC-42A3-9474-1A3956D46DE8}") = "tests", "tests", "{76B35E3C-25C2-4B47-AA6B-52308C708B0E}"
EndProject
Project("{FAE04EC0-301F-11D3-BF4B-00C04F79EFBC}") = "Disco.Service.Companies.API", "Disco.Service.Companies.API\Disco.Service.Companies.API.csproj", "{C4C90E26-BA9E-42F8-A4EB-1344D9E5BBE1}"
EndProject
Project("{FAE04EC0-301F-11D3-BF4B-00C04F79EFBC}") = "Disco.Service.Discounts.Api", "Disco.Service.Discounts.Api\Disco.Service.Discounts.Api.csproj", "{2E6A52EC-8316-45D9-BF69-2C4DF86BCB34}"
EndProject
Project("{FAE04EC0-301F-11D3-BF4B-00C04F79EFBC}") = "Disco.Service.Points.Api", "Disco.Service.Points.Api\Disco.Service.Points.Api.csproj", "{64FE68A1-0AC6-4839-B1C6-337827C533E5}"
EndProject
Project("{FAE04EC0-301F-11D3-BF4B-00C04F79EFBC}") = "Disco.Service.Programs.Api", "Disco.Service.Programs.Api\Disco.Service.Programs.Api.csproj", "{34DB95DD-FF76-4998-9DF2-A9EEB33E2D8A}"
EndProject
Project("{FAE04EC0-301F-11D3-BF4B-00C04F79EFBC}") = "Disco.Service.Users.Api", "Disco.Service.Users.Api\Disco.Service.Users.Api.csproj", "{8FEC1ECC-A2FA-47A8-A237-A6976979D37B}"
EndProject
Project("{FAE04EC0-301F-11D3-BF4B-00C04F79EFBC}") = "Disco.Service.Barcodes.Application", "Disco.Service.Barcodes.Application\Disco.Service.Barcodes.Application.csproj", "{B39548E8-2BD6-477B-87D9-52AB79F36B13}"
EndProject
Project("{FAE04EC0-301F-11D3-BF4B-00C04F79EFBC}") = "Disco.Service.Barcodes.Core", "Disco.Service.Barcodes.Core\Disco.Service.Barcodes.Core.csproj", "{BB8D2BCD-6997-4E18-BB15-32C150A256B2}"
EndProject
Project("{FAE04EC0-301F-11D3-BF4B-00C04F79EFBC}") = "Disco.Service.Barcodes.Infrastructure", "Disco.Service.Barcodes.Infrastructure\Disco.Service.Barcodes.Infrastructure.csproj", "{E0001597-1C5F-40D6-A333-E50E4315FD4A}"
EndProject
Project("{FAE04EC0-301F-11D3-BF4B-00C04F79EFBC}") = "Disco.Service.Companies.Application", "Disco.Service.Companies.Application\Disco.Service.Companies.Application.csproj", "{129CE790-A8D3-4903-847A-21D549DE243F}"
EndProject
Project("{FAE04EC0-301F-11D3-BF4B-00C04F79EFBC}") = "Disco.Service.Companies.Core", "Disco.Service.Companies.Core\Disco.Service.Companies.Core.csproj", "{5A76B5E5-6B54-401D-8681-3FEC6FA34008}"
EndProject
Project("{FAE04EC0-301F-11D3-BF4B-00C04F79EFBC}") = "Disco.Service.Companies.Infrastructure", "Disco.Service.Companies.Infrastructure\Disco.Service.Companies.Infrastructure.csproj", "{967820F7-F0A7-4FF5-A61C-AB74F2CB7E7B}"
EndProject
Project("{FAE04EC0-301F-11D3-BF4B-00C04F79EFBC}") = "Disco.Service.Discounts.Application", "Disco.Service.Discounts.Application\Disco.Service.Discounts.Application.csproj", "{06756F78-7CC2-4596-8493-ADB13100462B}"
EndProject
Project("{FAE04EC0-301F-11D3-BF4B-00C04F79EFBC}") = "Disco.Service.Discounts.Core", "Disco.Service.Discounts.Core\Disco.Service.Discounts.Core.csproj", "{15D31728-21E5-44DC-97C2-FE407F676766}"
EndProject
Project("{FAE04EC0-301F-11D3-BF4B-00C04F79EFBC}") = "Disco.Service.Discounts.Infrastructure", "Disco.Service.Discounts.Infrastructure\Disco.Service.Discounts.Infrastructure.csproj", "{35A4C8BA-D9D5-4A6D-AD12-D7418CA691F3}"
EndProject
Project("{FAE04EC0-301F-11D3-BF4B-00C04F79EFBC}") = "Disco.Service.Points.Application", "Disco.Service.Points.Application\Disco.Service.Points.Application.csproj", "{0458D2D9-BA1A-432E-8894-78B5F1B5B90D}"
EndProject
Project("{FAE04EC0-301F-11D3-BF4B-00C04F79EFBC}") = "Disco.Service.Points.Core", "Disco.Service.Points.Core\Disco.Service.Points.Core.csproj", "{95AC8AB6-02E0-4C82-B614-C8857B3E9262}"
EndProject
Project("{FAE04EC0-301F-11D3-BF4B-00C04F79EFBC}") = "Disco.Service.Points.Infrastructure", "Disco.Service.Points.Infrastructure\Disco.Service.Points.Infrastructure.csproj", "{375C10BA-3513-45F1-B243-361AFD236D09}"
EndProject
Project("{FAE04EC0-301F-11D3-BF4B-00C04F79EFBC}") = "Disco.Service.Programs.Application", "Disco.Service.Programs.Application\Disco.Service.Programs.Application.csproj", "{6F8A3B23-439E-4804-8B38-9F5AD9C27AEC}"
EndProject
Project("{FAE04EC0-301F-11D3-BF4B-00C04F79EFBC}") = "Disco.Service.Programs.Core", "Disco.Service.Programs.Core\Disco.Service.Programs.Core.csproj", "{334565F8-9960-42B5-B53E-ABAA248AE70F}"
EndProject
Project("{FAE04EC0-301F-11D3-BF4B-00C04F79EFBC}") = "Disco.Service.Programs.Infrastructure", "Disco.Service.Programs.Infrastructure\Disco.Service.Programs.Infrastructure.csproj", "{CC22701B-5C7A-45BB-B74A-4AB814B0AEB7}"
EndProject
Project("{FAE04EC0-301F-11D3-BF4B-00C04F79EFBC}") = "Disco.Service.Users.Application", "Disco.Service.Users.Application\Disco.Service.Users.Application.csproj", "{DF3E1F5A-DBBC-4BB8-90BA-54B568697AE0}"
EndProject
Project("{FAE04EC0-301F-11D3-BF4B-00C04F79EFBC}") = "Disco.Service.Users.Core", "Disco.Service.Users.Core\Disco.Service.Users.Core.csproj", "{3513E5B8-5B4D-417C-A3DE-74822AD627FC}"
EndProject
Project("{FAE04EC0-301F-11D3-BF4B-00C04F79EFBC}") = "Disco.Service.Users.Infrastructure", "Disco.Service.Users.Infrastructure\Disco.Service.Users.Infrastructure.csproj", "{D682498E-32FD-4606-BF30-CDC08B0C7206}"
EndProject
Project("{FAE04EC0-301F-11D3-BF4B-00C04F79EFBC}") = "Disco.Service.Barcodes.Api", "Disco.Service.Barcodes.Api\Disco.Service.Barcodes.Api.csproj", "{06A00085-F74C-482D-922B-4DE1FBCC43D6}"
EndProject
Project("{FAE04EC0-301F-11D3-BF4B-00C04F79EFBC}") = "Disco.Shared", "Disco.Shared\Disco.Shared.csproj", "{A4F7CC49-3BC7-4DCA-AB3A-EE5B585AF9C1}"
EndProject
Project("{FAE04EC0-301F-11D3-BF4B-00C04F79EFBC}") = "Disco.Gateway", "Disco.Gateway\Disco.Gateway.csproj", "{A1B03676-3D90-4F1D-8815-52E88618AE23}"
EndProject
Project("{FAE04EC0-301F-11D3-BF4B-00C04F79EFBC}") = "Disco.Service.Barcodes.Unit", "Disco.Service.Barcodes.Unit\Disco.Service.Barcodes.Unit.csproj", "{360D0850-5F1B-4111-8BC0-E15F4B4619EE}"
EndProject
Project("{FAE04EC0-301F-11D3-BF4B-00C04F79EFBC}") = "Disco.Service.Companies.Unit", "Disco.Service.Companies.Unit\Disco.Service.Companies.Unit.csproj", "{F152CD81-5D61-4503-97D1-E4B95412C564}"
EndProject
Project("{FAE04EC0-301F-11D3-BF4B-00C04F79EFBC}") = "Disco.Service.Points.Unit", "Disco.Service.Points.Unit\Disco.Service.Points.Unit.csproj", "{E592BE18-33CA-4FE5-8FBB-2D4BAD400596}"
EndProject
Project("{FAE04EC0-301F-11D3-BF4B-00C04F79EFBC}") = "Disco.Service.Programs.Unit", "Disco.Service.Programs.Unit\Disco.Service.Programs.Unit.csproj", "{66A25535-3456-42D2-AE9D-0FDCD777C694}"
EndProject
Project("{FAE04EC0-301F-11D3-BF4B-00C04F79EFBC}") = "Disco.Service.Users.Unit", "Disco.Service.Users.Unit\Disco.Service.Users.Unit.csproj", "{56165820-159C-470D-A38A-764DD4F4B350}"
EndProject
Project("{FAE04EC0-301F-11D3-BF4B-00C04F79EFBC}") = "Disco.Service.Barcodes.Integration", "Disco.Service.Barcodes.Integration\Disco.Service.Barcodes.Integration.csproj", "{8D452538-0D26-4DFC-B1AE-28BBDCC9B43B}"
EndProject
Project("{FAE04EC0-301F-11D3-BF4B-00C04F79EFBC}") = "Disco.Service.Companies.Integration", "Disco.Service.Companies.Integration\Disco.Service.Companies.Integration.csproj", "{A1A1C822-67CE-49BC-93A5-ABB714141611}"
EndProject
Project("{FAE04EC0-301F-11D3-BF4B-00C04F79EFBC}") = "Disco.Service.Discounts.Integration", "Disco.Service.Discounts.Integration\Disco.Service.Discounts.Integration.csproj", "{B464A03E-D009-4FB0-9ACC-BCD9F1E2ACFB}"
EndProject
Project("{FAE04EC0-301F-11D3-BF4B-00C04F79EFBC}") = "Disco.Service.Discounts.Unit", "Disco.Service.Discounts.Unit\Disco.Service.Discounts.Unit.csproj", "{BF26DB8A-E8CE-4239-A021-40A9CA3C3862}"
EndProject
Project("{FAE04EC0-301F-11D3-BF4B-00C04F79EFBC}") = "Disco.Service.Points.Integration", "Disco.Service.Points.Integration\Disco.Service.Points.Integration.csproj", "{97773022-3839-42F7-A837-FF8551E1C4FF}"
EndProject
Project("{FAE04EC0-301F-11D3-BF4B-00C04F79EFBC}") = "Disco.Service.Programs.Integration", "Disco.Service.Programs.Integration\Disco.Service.Programs.Integration.csproj", "{528B0049-2BC2-4AD6-9776-67E6832E28A6}"
EndProject
Project("{FAE04EC0-301F-11D3-BF4B-00C04F79EFBC}") = "Disco.Service.Users.Integration", "Disco.Service.Users.Integration\Disco.Service.Users.Integration.csproj", "{4C5DA850-EDB6-4A99-86E0-AECB764C6B24}"
EndProject
Project("{FAE04EC0-301F-11D3-BF4B-00C04F79EFBC}") = "Disco.Shared.Test", "Disco.Shared.Test\Disco.Shared.Test.csproj", "{834E9B3C-0D66-4B4C-8976-F6BD694261D4}"
EndProject
Global
	GlobalSection(SolutionConfigurationPlatforms) = preSolution
		Debug|Any CPU = Debug|Any CPU
		Release|Any CPU = Release|Any CPU
	EndGlobalSection
	GlobalSection(ProjectConfigurationPlatforms) = postSolution
		{C4C90E26-BA9E-42F8-A4EB-1344D9E5BBE1}.Debug|Any CPU.ActiveCfg = Debug|Any CPU
		{C4C90E26-BA9E-42F8-A4EB-1344D9E5BBE1}.Debug|Any CPU.Build.0 = Debug|Any CPU
		{C4C90E26-BA9E-42F8-A4EB-1344D9E5BBE1}.Release|Any CPU.ActiveCfg = Release|Any CPU
		{C4C90E26-BA9E-42F8-A4EB-1344D9E5BBE1}.Release|Any CPU.Build.0 = Release|Any CPU
		{2E6A52EC-8316-45D9-BF69-2C4DF86BCB34}.Debug|Any CPU.ActiveCfg = Debug|Any CPU
		{2E6A52EC-8316-45D9-BF69-2C4DF86BCB34}.Debug|Any CPU.Build.0 = Debug|Any CPU
		{2E6A52EC-8316-45D9-BF69-2C4DF86BCB34}.Release|Any CPU.ActiveCfg = Release|Any CPU
		{2E6A52EC-8316-45D9-BF69-2C4DF86BCB34}.Release|Any CPU.Build.0 = Release|Any CPU
		{64FE68A1-0AC6-4839-B1C6-337827C533E5}.Debug|Any CPU.ActiveCfg = Debug|Any CPU
		{64FE68A1-0AC6-4839-B1C6-337827C533E5}.Debug|Any CPU.Build.0 = Debug|Any CPU
		{64FE68A1-0AC6-4839-B1C6-337827C533E5}.Release|Any CPU.ActiveCfg = Release|Any CPU
		{64FE68A1-0AC6-4839-B1C6-337827C533E5}.Release|Any CPU.Build.0 = Release|Any CPU
		{34DB95DD-FF76-4998-9DF2-A9EEB33E2D8A}.Debug|Any CPU.ActiveCfg = Debug|Any CPU
		{34DB95DD-FF76-4998-9DF2-A9EEB33E2D8A}.Debug|Any CPU.Build.0 = Debug|Any CPU
		{34DB95DD-FF76-4998-9DF2-A9EEB33E2D8A}.Release|Any CPU.ActiveCfg = Release|Any CPU
		{34DB95DD-FF76-4998-9DF2-A9EEB33E2D8A}.Release|Any CPU.Build.0 = Release|Any CPU
		{8FEC1ECC-A2FA-47A8-A237-A6976979D37B}.Debug|Any CPU.ActiveCfg = Debug|Any CPU
		{8FEC1ECC-A2FA-47A8-A237-A6976979D37B}.Debug|Any CPU.Build.0 = Debug|Any CPU
		{8FEC1ECC-A2FA-47A8-A237-A6976979D37B}.Release|Any CPU.ActiveCfg = Release|Any CPU
		{8FEC1ECC-A2FA-47A8-A237-A6976979D37B}.Release|Any CPU.Build.0 = Release|Any CPU
		{B39548E8-2BD6-477B-87D9-52AB79F36B13}.Debug|Any CPU.ActiveCfg = Debug|Any CPU
		{B39548E8-2BD6-477B-87D9-52AB79F36B13}.Debug|Any CPU.Build.0 = Debug|Any CPU
		{B39548E8-2BD6-477B-87D9-52AB79F36B13}.Release|Any CPU.ActiveCfg = Release|Any CPU
		{B39548E8-2BD6-477B-87D9-52AB79F36B13}.Release|Any CPU.Build.0 = Release|Any CPU
		{BB8D2BCD-6997-4E18-BB15-32C150A256B2}.Debug|Any CPU.ActiveCfg = Debug|Any CPU
		{BB8D2BCD-6997-4E18-BB15-32C150A256B2}.Debug|Any CPU.Build.0 = Debug|Any CPU
		{BB8D2BCD-6997-4E18-BB15-32C150A256B2}.Release|Any CPU.ActiveCfg = Release|Any CPU
		{BB8D2BCD-6997-4E18-BB15-32C150A256B2}.Release|Any CPU.Build.0 = Release|Any CPU
		{E0001597-1C5F-40D6-A333-E50E4315FD4A}.Debug|Any CPU.ActiveCfg = Debug|Any CPU
		{E0001597-1C5F-40D6-A333-E50E4315FD4A}.Debug|Any CPU.Build.0 = Debug|Any CPU
		{E0001597-1C5F-40D6-A333-E50E4315FD4A}.Release|Any CPU.ActiveCfg = Release|Any CPU
		{E0001597-1C5F-40D6-A333-E50E4315FD4A}.Release|Any CPU.Build.0 = Release|Any CPU
		{129CE790-A8D3-4903-847A-21D549DE243F}.Debug|Any CPU.ActiveCfg = Debug|Any CPU
		{129CE790-A8D3-4903-847A-21D549DE243F}.Debug|Any CPU.Build.0 = Debug|Any CPU
		{129CE790-A8D3-4903-847A-21D549DE243F}.Release|Any CPU.ActiveCfg = Release|Any CPU
		{129CE790-A8D3-4903-847A-21D549DE243F}.Release|Any CPU.Build.0 = Release|Any CPU
		{5A76B5E5-6B54-401D-8681-3FEC6FA34008}.Debug|Any CPU.ActiveCfg = Debug|Any CPU
		{5A76B5E5-6B54-401D-8681-3FEC6FA34008}.Debug|Any CPU.Build.0 = Debug|Any CPU
		{5A76B5E5-6B54-401D-8681-3FEC6FA34008}.Release|Any CPU.ActiveCfg = Release|Any CPU
		{5A76B5E5-6B54-401D-8681-3FEC6FA34008}.Release|Any CPU.Build.0 = Release|Any CPU
		{967820F7-F0A7-4FF5-A61C-AB74F2CB7E7B}.Debug|Any CPU.ActiveCfg = Debug|Any CPU
		{967820F7-F0A7-4FF5-A61C-AB74F2CB7E7B}.Debug|Any CPU.Build.0 = Debug|Any CPU
		{967820F7-F0A7-4FF5-A61C-AB74F2CB7E7B}.Release|Any CPU.ActiveCfg = Release|Any CPU
		{967820F7-F0A7-4FF5-A61C-AB74F2CB7E7B}.Release|Any CPU.Build.0 = Release|Any CPU
		{06756F78-7CC2-4596-8493-ADB13100462B}.Debug|Any CPU.ActiveCfg = Debug|Any CPU
		{06756F78-7CC2-4596-8493-ADB13100462B}.Debug|Any CPU.Build.0 = Debug|Any CPU
		{06756F78-7CC2-4596-8493-ADB13100462B}.Release|Any CPU.ActiveCfg = Release|Any CPU
		{06756F78-7CC2-4596-8493-ADB13100462B}.Release|Any CPU.Build.0 = Release|Any CPU
		{15D31728-21E5-44DC-97C2-FE407F676766}.Debug|Any CPU.ActiveCfg = Debug|Any CPU
		{15D31728-21E5-44DC-97C2-FE407F676766}.Debug|Any CPU.Build.0 = Debug|Any CPU
		{15D31728-21E5-44DC-97C2-FE407F676766}.Release|Any CPU.ActiveCfg = Release|Any CPU
		{15D31728-21E5-44DC-97C2-FE407F676766}.Release|Any CPU.Build.0 = Release|Any CPU
		{35A4C8BA-D9D5-4A6D-AD12-D7418CA691F3}.Debug|Any CPU.ActiveCfg = Debug|Any CPU
		{35A4C8BA-D9D5-4A6D-AD12-D7418CA691F3}.Debug|Any CPU.Build.0 = Debug|Any CPU
		{35A4C8BA-D9D5-4A6D-AD12-D7418CA691F3}.Release|Any CPU.ActiveCfg = Release|Any CPU
		{35A4C8BA-D9D5-4A6D-AD12-D7418CA691F3}.Release|Any CPU.Build.0 = Release|Any CPU
		{0458D2D9-BA1A-432E-8894-78B5F1B5B90D}.Debug|Any CPU.ActiveCfg = Debug|Any CPU
		{0458D2D9-BA1A-432E-8894-78B5F1B5B90D}.Debug|Any CPU.Build.0 = Debug|Any CPU
		{0458D2D9-BA1A-432E-8894-78B5F1B5B90D}.Release|Any CPU.ActiveCfg = Release|Any CPU
		{0458D2D9-BA1A-432E-8894-78B5F1B5B90D}.Release|Any CPU.Build.0 = Release|Any CPU
		{95AC8AB6-02E0-4C82-B614-C8857B3E9262}.Debug|Any CPU.ActiveCfg = Debug|Any CPU
		{95AC8AB6-02E0-4C82-B614-C8857B3E9262}.Debug|Any CPU.Build.0 = Debug|Any CPU
		{95AC8AB6-02E0-4C82-B614-C8857B3E9262}.Release|Any CPU.ActiveCfg = Release|Any CPU
		{95AC8AB6-02E0-4C82-B614-C8857B3E9262}.Release|Any CPU.Build.0 = Release|Any CPU
		{375C10BA-3513-45F1-B243-361AFD236D09}.Debug|Any CPU.ActiveCfg = Debug|Any CPU
		{375C10BA-3513-45F1-B243-361AFD236D09}.Debug|Any CPU.Build.0 = Debug|Any CPU
		{375C10BA-3513-45F1-B243-361AFD236D09}.Release|Any CPU.ActiveCfg = Release|Any CPU
		{375C10BA-3513-45F1-B243-361AFD236D09}.Release|Any CPU.Build.0 = Release|Any CPU
		{6F8A3B23-439E-4804-8B38-9F5AD9C27AEC}.Debug|Any CPU.ActiveCfg = Debug|Any CPU
		{6F8A3B23-439E-4804-8B38-9F5AD9C27AEC}.Debug|Any CPU.Build.0 = Debug|Any CPU
		{6F8A3B23-439E-4804-8B38-9F5AD9C27AEC}.Release|Any CPU.ActiveCfg = Release|Any CPU
		{6F8A3B23-439E-4804-8B38-9F5AD9C27AEC}.Release|Any CPU.Build.0 = Release|Any CPU
		{334565F8-9960-42B5-B53E-ABAA248AE70F}.Debug|Any CPU.ActiveCfg = Debug|Any CPU
		{334565F8-9960-42B5-B53E-ABAA248AE70F}.Debug|Any CPU.Build.0 = Debug|Any CPU
		{334565F8-9960-42B5-B53E-ABAA248AE70F}.Release|Any CPU.ActiveCfg = Release|Any CPU
		{334565F8-9960-42B5-B53E-ABAA248AE70F}.Release|Any CPU.Build.0 = Release|Any CPU
		{CC22701B-5C7A-45BB-B74A-4AB814B0AEB7}.Debug|Any CPU.ActiveCfg = Debug|Any CPU
		{CC22701B-5C7A-45BB-B74A-4AB814B0AEB7}.Debug|Any CPU.Build.0 = Debug|Any CPU
		{CC22701B-5C7A-45BB-B74A-4AB814B0AEB7}.Release|Any CPU.ActiveCfg = Release|Any CPU
		{CC22701B-5C7A-45BB-B74A-4AB814B0AEB7}.Release|Any CPU.Build.0 = Release|Any CPU
		{DF3E1F5A-DBBC-4BB8-90BA-54B568697AE0}.Debug|Any CPU.ActiveCfg = Debug|Any CPU
		{DF3E1F5A-DBBC-4BB8-90BA-54B568697AE0}.Debug|Any CPU.Build.0 = Debug|Any CPU
		{DF3E1F5A-DBBC-4BB8-90BA-54B568697AE0}.Release|Any CPU.ActiveCfg = Release|Any CPU
		{DF3E1F5A-DBBC-4BB8-90BA-54B568697AE0}.Release|Any CPU.Build.0 = Release|Any CPU
		{3513E5B8-5B4D-417C-A3DE-74822AD627FC}.Debug|Any CPU.ActiveCfg = Debug|Any CPU
		{3513E5B8-5B4D-417C-A3DE-74822AD627FC}.Debug|Any CPU.Build.0 = Debug|Any CPU
		{3513E5B8-5B4D-417C-A3DE-74822AD627FC}.Release|Any CPU.ActiveCfg = Release|Any CPU
		{3513E5B8-5B4D-417C-A3DE-74822AD627FC}.Release|Any CPU.Build.0 = Release|Any CPU
		{D682498E-32FD-4606-BF30-CDC08B0C7206}.Debug|Any CPU.ActiveCfg = Debug|Any CPU
		{D682498E-32FD-4606-BF30-CDC08B0C7206}.Debug|Any CPU.Build.0 = Debug|Any CPU
		{D682498E-32FD-4606-BF30-CDC08B0C7206}.Release|Any CPU.ActiveCfg = Release|Any CPU
		{D682498E-32FD-4606-BF30-CDC08B0C7206}.Release|Any CPU.Build.0 = Release|Any CPU
		{06A00085-F74C-482D-922B-4DE1FBCC43D6}.Debug|Any CPU.ActiveCfg = Debug|Any CPU
		{06A00085-F74C-482D-922B-4DE1FBCC43D6}.Debug|Any CPU.Build.0 = Debug|Any CPU
		{06A00085-F74C-482D-922B-4DE1FBCC43D6}.Release|Any CPU.ActiveCfg = Release|Any CPU
		{06A00085-F74C-482D-922B-4DE1FBCC43D6}.Release|Any CPU.Build.0 = Release|Any CPU
		{A4F7CC49-3BC7-4DCA-AB3A-EE5B585AF9C1}.Debug|Any CPU.ActiveCfg = Debug|Any CPU
		{A4F7CC49-3BC7-4DCA-AB3A-EE5B585AF9C1}.Debug|Any CPU.Build.0 = Debug|Any CPU
		{A4F7CC49-3BC7-4DCA-AB3A-EE5B585AF9C1}.Release|Any CPU.ActiveCfg = Release|Any CPU
		{A4F7CC49-3BC7-4DCA-AB3A-EE5B585AF9C1}.Release|Any CPU.Build.0 = Release|Any CPU
		{A1B03676-3D90-4F1D-8815-52E88618AE23}.Debug|Any CPU.ActiveCfg = Debug|Any CPU
		{A1B03676-3D90-4F1D-8815-52E88618AE23}.Debug|Any CPU.Build.0 = Debug|Any CPU
		{A1B03676-3D90-4F1D-8815-52E88618AE23}.Release|Any CPU.ActiveCfg = Release|Any CPU
		{A1B03676-3D90-4F1D-8815-52E88618AE23}.Release|Any CPU.Build.0 = Release|Any CPU
		{360D0850-5F1B-4111-8BC0-E15F4B4619EE}.Debug|Any CPU.ActiveCfg = Debug|Any CPU
		{360D0850-5F1B-4111-8BC0-E15F4B4619EE}.Debug|Any CPU.Build.0 = Debug|Any CPU
		{360D0850-5F1B-4111-8BC0-E15F4B4619EE}.Release|Any CPU.ActiveCfg = Release|Any CPU
		{360D0850-5F1B-4111-8BC0-E15F4B4619EE}.Release|Any CPU.Build.0 = Release|Any CPU
		{F152CD81-5D61-4503-97D1-E4B95412C564}.Debug|Any CPU.ActiveCfg = Debug|Any CPU
		{F152CD81-5D61-4503-97D1-E4B95412C564}.Debug|Any CPU.Build.0 = Debug|Any CPU
		{F152CD81-5D61-4503-97D1-E4B95412C564}.Release|Any CPU.ActiveCfg = Release|Any CPU
		{F152CD81-5D61-4503-97D1-E4B95412C564}.Release|Any CPU.Build.0 = Release|Any CPU
		{E592BE18-33CA-4FE5-8FBB-2D4BAD400596}.Debug|Any CPU.ActiveCfg = Debug|Any CPU
		{E592BE18-33CA-4FE5-8FBB-2D4BAD400596}.Debug|Any CPU.Build.0 = Debug|Any CPU
		{E592BE18-33CA-4FE5-8FBB-2D4BAD400596}.Release|Any CPU.ActiveCfg = Release|Any CPU
		{E592BE18-33CA-4FE5-8FBB-2D4BAD400596}.Release|Any CPU.Build.0 = Release|Any CPU
		{66A25535-3456-42D2-AE9D-0FDCD777C694}.Debug|Any CPU.ActiveCfg = Debug|Any CPU
		{66A25535-3456-42D2-AE9D-0FDCD777C694}.Debug|Any CPU.Build.0 = Debug|Any CPU
		{66A25535-3456-42D2-AE9D-0FDCD777C694}.Release|Any CPU.ActiveCfg = Release|Any CPU
		{66A25535-3456-42D2-AE9D-0FDCD777C694}.Release|Any CPU.Build.0 = Release|Any CPU
		{56165820-159C-470D-A38A-764DD4F4B350}.Debug|Any CPU.ActiveCfg = Debug|Any CPU
		{56165820-159C-470D-A38A-764DD4F4B350}.Debug|Any CPU.Build.0 = Debug|Any CPU
		{56165820-159C-470D-A38A-764DD4F4B350}.Release|Any CPU.ActiveCfg = Release|Any CPU
		{56165820-159C-470D-A38A-764DD4F4B350}.Release|Any CPU.Build.0 = Release|Any CPU
		{8D452538-0D26-4DFC-B1AE-28BBDCC9B43B}.Debug|Any CPU.ActiveCfg = Debug|Any CPU
		{8D452538-0D26-4DFC-B1AE-28BBDCC9B43B}.Debug|Any CPU.Build.0 = Debug|Any CPU
		{8D452538-0D26-4DFC-B1AE-28BBDCC9B43B}.Release|Any CPU.ActiveCfg = Release|Any CPU
		{8D452538-0D26-4DFC-B1AE-28BBDCC9B43B}.Release|Any CPU.Build.0 = Release|Any CPU
		{A1A1C822-67CE-49BC-93A5-ABB714141611}.Debug|Any CPU.ActiveCfg = Debug|Any CPU
		{A1A1C822-67CE-49BC-93A5-ABB714141611}.Debug|Any CPU.Build.0 = Debug|Any CPU
		{A1A1C822-67CE-49BC-93A5-ABB714141611}.Release|Any CPU.ActiveCfg = Release|Any CPU
		{A1A1C822-67CE-49BC-93A5-ABB714141611}.Release|Any CPU.Build.0 = Release|Any CPU
		{B464A03E-D009-4FB0-9ACC-BCD9F1E2ACFB}.Debug|Any CPU.ActiveCfg = Debug|Any CPU
		{B464A03E-D009-4FB0-9ACC-BCD9F1E2ACFB}.Debug|Any CPU.Build.0 = Debug|Any CPU
		{B464A03E-D009-4FB0-9ACC-BCD9F1E2ACFB}.Release|Any CPU.ActiveCfg = Release|Any CPU
		{B464A03E-D009-4FB0-9ACC-BCD9F1E2ACFB}.Release|Any CPU.Build.0 = Release|Any CPU
		{BF26DB8A-E8CE-4239-A021-40A9CA3C3862}.Debug|Any CPU.ActiveCfg = Debug|Any CPU
		{BF26DB8A-E8CE-4239-A021-40A9CA3C3862}.Debug|Any CPU.Build.0 = Debug|Any CPU
		{BF26DB8A-E8CE-4239-A021-40A9CA3C3862}.Release|Any CPU.ActiveCfg = Release|Any CPU
		{BF26DB8A-E8CE-4239-A021-40A9CA3C3862}.Release|Any CPU.Build.0 = Release|Any CPU
		{97773022-3839-42F7-A837-FF8551E1C4FF}.Debug|Any CPU.ActiveCfg = Debug|Any CPU
		{97773022-3839-42F7-A837-FF8551E1C4FF}.Debug|Any CPU.Build.0 = Debug|Any CPU
		{97773022-3839-42F7-A837-FF8551E1C4FF}.Release|Any CPU.ActiveCfg = Release|Any CPU
		{97773022-3839-42F7-A837-FF8551E1C4FF}.Release|Any CPU.Build.0 = Release|Any CPU
		{528B0049-2BC2-4AD6-9776-67E6832E28A6}.Debug|Any CPU.ActiveCfg = Debug|Any CPU
		{528B0049-2BC2-4AD6-9776-67E6832E28A6}.Debug|Any CPU.Build.0 = Debug|Any CPU
		{528B0049-2BC2-4AD6-9776-67E6832E28A6}.Release|Any CPU.ActiveCfg = Release|Any CPU
		{528B0049-2BC2-4AD6-9776-67E6832E28A6}.Release|Any CPU.Build.0 = Release|Any CPU
		{4C5DA850-EDB6-4A99-86E0-AECB764C6B24}.Debug|Any CPU.ActiveCfg = Debug|Any CPU
		{4C5DA850-EDB6-4A99-86E0-AECB764C6B24}.Debug|Any CPU.Build.0 = Debug|Any CPU
		{4C5DA850-EDB6-4A99-86E0-AECB764C6B24}.Release|Any CPU.ActiveCfg = Release|Any CPU
		{4C5DA850-EDB6-4A99-86E0-AECB764C6B24}.Release|Any CPU.Build.0 = Release|Any CPU
		{834E9B3C-0D66-4B4C-8976-F6BD694261D4}.Debug|Any CPU.ActiveCfg = Debug|Any CPU
		{834E9B3C-0D66-4B4C-8976-F6BD694261D4}.Debug|Any CPU.Build.0 = Debug|Any CPU
		{834E9B3C-0D66-4B4C-8976-F6BD694261D4}.Release|Any CPU.ActiveCfg = Release|Any CPU
		{834E9B3C-0D66-4B4C-8976-F6BD694261D4}.Release|Any CPU.Build.0 = Release|Any CPU
	EndGlobalSection
	GlobalSection(NestedProjects) = preSolution
		{8FFCB784-622A-47C9-B585-EDED6E6B2545} = {427BEDDF-6B03-4B4C-82F6-BEDBA4673C23}
		{37C42F1F-8927-44E5-B274-C87AC90AB8C5} = {69C4DA77-7CF1-417C-94EB-CE26ABE82242}
		{C81F1DEF-D1DC-4F10-BE85-1A06E4E67BFD} = {105FF8C5-A460-4B29-AC4E-ACD6B93AC45F}
		{BD50A256-4377-491A-BE4D-3E3C65A8796F} = {D15C43E0-1205-4550-BEAE-7A767E1BD8E9}
		{444CF874-31C1-4054-918F-5FEBFFB2D8AE} = {6595B4A2-845F-40B6-910C-9F652156023C}
		{2CF1F616-9C45-4E49-A2BC-1342FBB4F440} = {51CFD5FA-D372-470C-8714-6C8D2708DF0A}
		{20692A75-8761-4016-A006-0FA35681C30F} = {791F5725-2060-4E6C-9508-DE4358BD484C}
		{D4997A6C-9E51-40A6-8AFC-147D3B8B7A28} = {69C4DA77-7CF1-417C-94EB-CE26ABE82242}
		{6DF02103-3BBA-4994-9307-24B8E7FDC8D5} = {105FF8C5-A460-4B29-AC4E-ACD6B93AC45F}
		{43099703-F633-46FF-91EC-1FAF1EE6C219} = {D15C43E0-1205-4550-BEAE-7A767E1BD8E9}
		{E4317D55-F3D4-499D-ABA9-9DADC63AED4F} = {6595B4A2-845F-40B6-910C-9F652156023C}
		{E4B7A227-F0B2-49FC-AEA9-AFE908C8D1FD} = {51CFD5FA-D372-470C-8714-6C8D2708DF0A}
		{76B35E3C-25C2-4B47-AA6B-52308C708B0E} = {791F5725-2060-4E6C-9508-DE4358BD484C}
		{C4C90E26-BA9E-42F8-A4EB-1344D9E5BBE1} = {C81F1DEF-D1DC-4F10-BE85-1A06E4E67BFD}
		{2E6A52EC-8316-45D9-BF69-2C4DF86BCB34} = {BD50A256-4377-491A-BE4D-3E3C65A8796F}
		{64FE68A1-0AC6-4839-B1C6-337827C533E5} = {444CF874-31C1-4054-918F-5FEBFFB2D8AE}
		{34DB95DD-FF76-4998-9DF2-A9EEB33E2D8A} = {2CF1F616-9C45-4E49-A2BC-1342FBB4F440}
		{8FEC1ECC-A2FA-47A8-A237-A6976979D37B} = {20692A75-8761-4016-A006-0FA35681C30F}
		{B39548E8-2BD6-477B-87D9-52AB79F36B13} = {37C42F1F-8927-44E5-B274-C87AC90AB8C5}
		{BB8D2BCD-6997-4E18-BB15-32C150A256B2} = {37C42F1F-8927-44E5-B274-C87AC90AB8C5}
		{E0001597-1C5F-40D6-A333-E50E4315FD4A} = {37C42F1F-8927-44E5-B274-C87AC90AB8C5}
		{129CE790-A8D3-4903-847A-21D549DE243F} = {C81F1DEF-D1DC-4F10-BE85-1A06E4E67BFD}
		{5A76B5E5-6B54-401D-8681-3FEC6FA34008} = {C81F1DEF-D1DC-4F10-BE85-1A06E4E67BFD}
		{967820F7-F0A7-4FF5-A61C-AB74F2CB7E7B} = {C81F1DEF-D1DC-4F10-BE85-1A06E4E67BFD}
		{06756F78-7CC2-4596-8493-ADB13100462B} = {BD50A256-4377-491A-BE4D-3E3C65A8796F}
		{15D31728-21E5-44DC-97C2-FE407F676766} = {BD50A256-4377-491A-BE4D-3E3C65A8796F}
		{35A4C8BA-D9D5-4A6D-AD12-D7418CA691F3} = {BD50A256-4377-491A-BE4D-3E3C65A8796F}
		{0458D2D9-BA1A-432E-8894-78B5F1B5B90D} = {444CF874-31C1-4054-918F-5FEBFFB2D8AE}
		{95AC8AB6-02E0-4C82-B614-C8857B3E9262} = {444CF874-31C1-4054-918F-5FEBFFB2D8AE}
		{375C10BA-3513-45F1-B243-361AFD236D09} = {444CF874-31C1-4054-918F-5FEBFFB2D8AE}
		{6F8A3B23-439E-4804-8B38-9F5AD9C27AEC} = {2CF1F616-9C45-4E49-A2BC-1342FBB4F440}
		{334565F8-9960-42B5-B53E-ABAA248AE70F} = {2CF1F616-9C45-4E49-A2BC-1342FBB4F440}
		{CC22701B-5C7A-45BB-B74A-4AB814B0AEB7} = {2CF1F616-9C45-4E49-A2BC-1342FBB4F440}
		{DF3E1F5A-DBBC-4BB8-90BA-54B568697AE0} = {20692A75-8761-4016-A006-0FA35681C30F}
		{3513E5B8-5B4D-417C-A3DE-74822AD627FC} = {20692A75-8761-4016-A006-0FA35681C30F}
		{D682498E-32FD-4606-BF30-CDC08B0C7206} = {20692A75-8761-4016-A006-0FA35681C30F}
		{06A00085-F74C-482D-922B-4DE1FBCC43D6} = {37C42F1F-8927-44E5-B274-C87AC90AB8C5}
		{A4F7CC49-3BC7-4DCA-AB3A-EE5B585AF9C1} = {B99C4E18-9264-461A-91F6-E798A9517928}
		{A1B03676-3D90-4F1D-8815-52E88618AE23} = {8FFCB784-622A-47C9-B585-EDED6E6B2545}
		{360D0850-5F1B-4111-8BC0-E15F4B4619EE} = {D4997A6C-9E51-40A6-8AFC-147D3B8B7A28}
		{F152CD81-5D61-4503-97D1-E4B95412C564} = {6DF02103-3BBA-4994-9307-24B8E7FDC8D5}
		{E592BE18-33CA-4FE5-8FBB-2D4BAD400596} = {E4317D55-F3D4-499D-ABA9-9DADC63AED4F}
		{66A25535-3456-42D2-AE9D-0FDCD777C694} = {E4B7A227-F0B2-49FC-AEA9-AFE908C8D1FD}
		{56165820-159C-470D-A38A-764DD4F4B350} = {76B35E3C-25C2-4B47-AA6B-52308C708B0E}
		{8D452538-0D26-4DFC-B1AE-28BBDCC9B43B} = {D4997A6C-9E51-40A6-8AFC-147D3B8B7A28}
		{A1A1C822-67CE-49BC-93A5-ABB714141611} = {6DF02103-3BBA-4994-9307-24B8E7FDC8D5}
		{B464A03E-D009-4FB0-9ACC-BCD9F1E2ACFB} = {43099703-F633-46FF-91EC-1FAF1EE6C219}
		{BF26DB8A-E8CE-4239-A021-40A9CA3C3862} = {43099703-F633-46FF-91EC-1FAF1EE6C219}
		{97773022-3839-42F7-A837-FF8551E1C4FF} = {E4317D55-F3D4-499D-ABA9-9DADC63AED4F}
		{528B0049-2BC2-4AD6-9776-67E6832E28A6} = {E4B7A227-F0B2-49FC-AEA9-AFE908C8D1FD}
		{4C5DA850-EDB6-4A99-86E0-AECB764C6B24} = {76B35E3C-25C2-4B47-AA6B-52308C708B0E}
	EndGlobalSection
EndGlobal
